
Microsoft Visual Studio Solution File, Format Version 12.00
# Visual Studio Version 16
VisualStudioVersion = 16.0.29306.81
MinimumVisualStudioVersion = 10.0.40219.1
Project("{FAE04EC0-301F-11D3-BF4B-00C04F79EFBC}") = "UsbManagerDemo", "UsbManager\UsbManagerDemo.csproj", "{3AD55E5F-5A44-4217-BBCE-F3962BD1FCD9}"
EndProject
Global
	GlobalSection(SolutionConfigurationPlatforms) = preSolution
		Debug|Any CPU = Debug|Any CPU
		Release|Any CPU = Release|Any CPU
	EndGlobalSection
	GlobalSection(ProjectConfigurationPlatforms) = postSolution
		{3AD55E5F-5A44-4217-BBCE-F3962BD1FCD9}.Debug|Any CPU.ActiveCfg = Debug|Any CPU
		{3AD55E5F-5A44-4217-BBCE-F3962BD1FCD9}.Debug|Any CPU.Build.0 = Debug|Any CPU
		{3AD55E5F-5A44-4217-BBCE-F3962BD1FCD9}.Release|Any CPU.ActiveCfg = Release|Any CPU
		{3AD55E5F-5A44-4217-BBCE-F3962BD1FCD9}.Release|Any CPU.Build.0 = Release|Any CPU
	EndGlobalSection
	GlobalSection(SolutionProperties) = preSolution
		HideSolutionNode = FALSE
	EndGlobalSection
	GlobalSection(ExtensibilityGlobals) = postSolution
		SolutionGuid = {FA8CF445-7C2B-413D-8BDB-374AAB9159B0}
	EndGlobalSection
EndGlobal
